
Microsoft Visual Studio Solution File, Format Version 12.00
# Visual Studio 2012
Project("{FAE04EC0-301F-11D3-BF4B-00C04F79EFBC}") = "PictureTagging", "PictureTagging\PictureTagging.csproj", "{DAD3BC15-4E88-4C47-97BD-CB1176316054}"
EndProject
Global
	GlobalSection(SolutionConfigurationPlatforms) = preSolution
		Debug|Any CPU = Debug|Any CPU
		Debug|ARM = Debug|ARM
		Debug|x86 = Debug|x86
		Release|Any CPU = Release|Any CPU
		Release|ARM = Release|ARM
		Release|x86 = Release|x86
	EndGlobalSection
	GlobalSection(ProjectConfigurationPlatforms) = postSolution
		{DAD3BC15-4E88-4C47-97BD-CB1176316054}.Debug|Any CPU.ActiveCfg = Debug|Any CPU
		{DAD3BC15-4E88-4C47-97BD-CB1176316054}.Debug|Any CPU.Build.0 = Debug|Any CPU
		{DAD3BC15-4E88-4C47-97BD-CB1176316054}.Debug|Any CPU.Deploy.0 = Debug|Any CPU
		{DAD3BC15-4E88-4C47-97BD-CB1176316054}.Debug|ARM.ActiveCfg = Debug|ARM
		{DAD3BC15-4E88-4C47-97BD-CB1176316054}.Debug|ARM.Build.0 = Debug|ARM
		{DAD3BC15-4E88-4C47-97BD-CB1176316054}.Debug|ARM.Deploy.0 = Debug|ARM
		{DAD3BC15-4E88-4C47-97BD-CB1176316054}.Debug|x86.ActiveCfg = Debug|x86
		{DAD3BC15-4E88-4C47-97BD-CB1176316054}.Debug|x86.Build.0 = Debug|x86
		{DAD3BC15-4E88-4C47-97BD-CB1176316054}.Debug|x86.Deploy.0 = Debug|x86
		{DAD3BC15-4E88-4C47-97BD-CB1176316054}.Release|Any CPU.ActiveCfg = Release|Any CPU
		{DAD3BC15-4E88-4C47-97BD-CB1176316054}.Release|Any CPU.Build.0 = Release|Any CPU
		{DAD3BC15-4E88-4C47-97BD-CB1176316054}.Release|Any CPU.Deploy.0 = Release|Any CPU
		{DAD3BC15-4E88-4C47-97BD-CB1176316054}.Release|ARM.ActiveCfg = Release|ARM
		{DAD3BC15-4E88-4C47-97BD-CB1176316054}.Release|ARM.Build.0 = Release|ARM
		{DAD3BC15-4E88-4C47-97BD-CB1176316054}.Release|ARM.Deploy.0 = Release|ARM
		{DAD3BC15-4E88-4C47-97BD-CB1176316054}.Release|x86.ActiveCfg = Release|x86
		{DAD3BC15-4E88-4C47-97BD-CB1176316054}.Release|x86.Build.0 = Release|x86
		{DAD3BC15-4E88-4C47-97BD-CB1176316054}.Release|x86.Deploy.0 = Release|x86
	EndGlobalSection
	GlobalSection(SolutionProperties) = preSolution
		HideSolutionNode = FALSE
	EndGlobalSection
EndGlobal
